// !$*UTF8*$!
{
	archiveVersion = 1;
	classes = {
	};
	objectVersion = 46;
	objects = {

/* Begin PBXBuildFile section */
		9AFD0C9F16A750A1004FA0CB /* Cocoa.framework in Frameworks */ = {isa = PBXBuildFile; fileRef = 9AFD0C9E16A750A1004FA0CB /* Cocoa.framework */; };
		9AFD0CA916A750A1004FA0CB /* InfoPlist.strings in Resources */ = {isa = PBXBuildFile; fileRef = 9AFD0CA716A750A1004FA0CB /* InfoPlist.strings */; };
		9AFD0CAB16A750A1004FA0CB /* main.m in Sources */ = {isa = PBXBuildFile; fileRef = 9AFD0CAA16A750A1004FA0CB /* main.m */; };
		9AFD0CAF16A750A1004FA0CB /* Credits.rtf in Resources */ = {isa = PBXBuildFile; fileRef = 9AFD0CAD16A750A1004FA0CB /* Credits.rtf */; };
		9AFD0CB216A750A1004FA0CB /* AHAppDelegate.m in Sources */ = {isa = PBXBuildFile; fileRef = 9AFD0CB116A750A1004FA0CB /* AHAppDelegate.m */; };
		9AFD0CB516A750A1004FA0CB /* MainMenu.xib in Resources */ = {isa = PBXBuildFile; fileRef = 9AFD0CB316A750A1004FA0CB /* MainMenu.xib */; };
		9AFD0D4D16A75116004FA0CB /* ABActiveRange.m in Sources */ = {isa = PBXBuildFile; fileRef = 9AFD0CBD16A75115004FA0CB /* ABActiveRange.m */; };
		9AFD0D4E16A75116004FA0CB /* CAAnimation+TUIExtensions.m in Sources */ = {isa = PBXBuildFile; fileRef = 9AFD0CBF16A75115004FA0CB /* CAAnimation+TUIExtensions.m */; };
		9AFD0D4F16A75116004FA0CB /* CALayer+TUIExtensions.m in Sources */ = {isa = PBXBuildFile; fileRef = 9AFD0CC116A75115004FA0CB /* CALayer+TUIExtensions.m */; };
		9AFD0D5016A75116004FA0CB /* CATransaction+TUIExtensions.m in Sources */ = {isa = PBXBuildFile; fileRef = 9AFD0CC316A75115004FA0CB /* CATransaction+TUIExtensions.m */; };
		9AFD0D5116A75116004FA0CB /* CoreText+Additions.m in Sources */ = {isa = PBXBuildFile; fileRef = 9AFD0CC516A75115004FA0CB /* CoreText+Additions.m */; };
		9AFD0D5216A75116004FA0CB /* NSAffineTransform+TUIExtensions.m in Sources */ = {isa = PBXBuildFile; fileRef = 9AFD0CC716A75115004FA0CB /* NSAffineTransform+TUIExtensions.m */; };
		9AFD0D5316A75116004FA0CB /* NSBezierPath+TUIExtensions.m in Sources */ = {isa = PBXBuildFile; fileRef = 9AFD0CC916A75115004FA0CB /* NSBezierPath+TUIExtensions.m */; };
		9AFD0D5416A75116004FA0CB /* NSClipView+TUIExtensions.m in Sources */ = {isa = PBXBuildFile; fileRef = 9AFD0CCB16A75115004FA0CB /* NSClipView+TUIExtensions.m */; };
		9AFD0D5516A75116004FA0CB /* NSColor+TUIExtensions.m in Sources */ = {isa = PBXBuildFile; fileRef = 9AFD0CCD16A75115004FA0CB /* NSColor+TUIExtensions.m */; settings = {COMPILER_FLAGS = "-fno-objc-arc"; }; };
		9AFD0D5616A75116004FA0CB /* NSFont+TUIExtensions.m in Sources */ = {isa = PBXBuildFile; fileRef = 9AFD0CCF16A75115004FA0CB /* NSFont+TUIExtensions.m */; };
		9AFD0D5716A75116004FA0CB /* NSImage+TUIExtensions.m in Sources */ = {isa = PBXBuildFile; fileRef = 9AFD0CD116A75115004FA0CB /* NSImage+TUIExtensions.m */; };
		9AFD0D5816A75116004FA0CB /* NSScrollView+TUIExtensions.m in Sources */ = {isa = PBXBuildFile; fileRef = 9AFD0CD316A75115004FA0CB /* NSScrollView+TUIExtensions.m */; };
		9AFD0D5916A75116004FA0CB /* NSShadow+TUIExtensions.m in Sources */ = {isa = PBXBuildFile; fileRef = 9AFD0CD516A75115004FA0CB /* NSShadow+TUIExtensions.m */; };
		9AFD0D5A16A75116004FA0CB /* NSTextView+TUIExtensions.m in Sources */ = {isa = PBXBuildFile; fileRef = 9AFD0CD716A75115004FA0CB /* NSTextView+TUIExtensions.m */; };
		9AFD0D5B16A75116004FA0CB /* NSView+TUIExtensions.m in Sources */ = {isa = PBXBuildFile; fileRef = 9AFD0CD916A75115004FA0CB /* NSView+TUIExtensions.m */; };
		9AFD0D5C16A75116004FA0CB /* TUIAccessibility.m in Sources */ = {isa = PBXBuildFile; fileRef = 9AFD0CDB16A75115004FA0CB /* TUIAccessibility.m */; };
		9AFD0D5D16A75116004FA0CB /* TUIActivityIndicatorView.m in Sources */ = {isa = PBXBuildFile; fileRef = 9AFD0CDD16A75115004FA0CB /* TUIActivityIndicatorView.m */; };
		9AFD0D5E16A75116004FA0CB /* TUIAttributedString.m in Sources */ = {isa = PBXBuildFile; fileRef = 9AFD0CDF16A75115004FA0CB /* TUIAttributedString.m */; };
		9AFD0D5F16A75116004FA0CB /* TUIButton+Accessibility.m in Sources */ = {isa = PBXBuildFile; fileRef = 9AFD0CE316A75115004FA0CB /* TUIButton+Accessibility.m */; };
		9AFD0D6016A75116004FA0CB /* TUIButton+Content.m in Sources */ = {isa = PBXBuildFile; fileRef = 9AFD0CE416A75115004FA0CB /* TUIButton+Content.m */; };
		9AFD0D6116A75116004FA0CB /* TUIButton.m in Sources */ = {isa = PBXBuildFile; fileRef = 9AFD0CE616A75115004FA0CB /* TUIButton.m */; };
		9AFD0D6216A75116004FA0CB /* TUICAAction.m in Sources */ = {isa = PBXBuildFile; fileRef = 9AFD0CE816A75115004FA0CB /* TUICAAction.m */; };
		9AFD0D6316A75116004FA0CB /* TUICGAdditions.m in Sources */ = {isa = PBXBuildFile; fileRef = 9AFD0CEA16A75115004FA0CB /* TUICGAdditions.m */; };
		9AFD0D6416A75116004FA0CB /* TUIControl+Accessibility.m in Sources */ = {isa = PBXBuildFile; fileRef = 9AFD0CEC16A75115004FA0CB /* TUIControl+Accessibility.m */; };
		9AFD0D6516A75116004FA0CB /* TUIControl.m in Sources */ = {isa = PBXBuildFile; fileRef = 9AFD0CEE16A75115004FA0CB /* TUIControl.m */; };
		9AFD0D6616A75116004FA0CB /* TUIGeometry.m in Sources */ = {isa = PBXBuildFile; fileRef = 9AFD0CF016A75115004FA0CB /* TUIGeometry.m */; };
		9AFD0D6716A75116004FA0CB /* TUIImageView.m in Sources */ = {isa = PBXBuildFile; fileRef = 9AFD0CF316A75115004FA0CB /* TUIImageView.m */; };
		9AFD0D6816A75116004FA0CB /* TUILabel.m in Sources */ = {isa = PBXBuildFile; fileRef = 9AFD0CF616A75115004FA0CB /* TUILabel.m */; };
		9AFD0D6916A75116004FA0CB /* TUILayoutConstraint.m in Sources */ = {isa = PBXBuildFile; fileRef = 9AFD0CF816A75115004FA0CB /* TUILayoutConstraint.m */; };
		9AFD0D6A16A75116004FA0CB /* TUILayoutManager.m in Sources */ = {isa = PBXBuildFile; fileRef = 9AFD0CFA16A75115004FA0CB /* TUILayoutManager.m */; };
		9AFD0D6B16A75116004FA0CB /* TUINavigationController.m in Sources */ = {isa = PBXBuildFile; fileRef = 9AFD0CFC16A75115004FA0CB /* TUINavigationController.m */; };
		9AFD0D6C16A75116004FA0CB /* TUINSView+Accessibility.m in Sources */ = {isa = PBXBuildFile; fileRef = 9AFD0CFE16A75115004FA0CB /* TUINSView+Accessibility.m */; };
		9AFD0D6D16A75116004FA0CB /* TUINSView+Hyperfocus.m in Sources */ = {isa = PBXBuildFile; fileRef = 9AFD0D0016A75115004FA0CB /* TUINSView+Hyperfocus.m */; };
		9AFD0D6E16A75116004FA0CB /* TUINSView+NSTextInputClient.m in Sources */ = {isa = PBXBuildFile; fileRef = 9AFD0D0216A75115004FA0CB /* TUINSView+NSTextInputClient.m */; };
		9AFD0D6F16A75116004FA0CB /* TUINSView.m in Sources */ = {isa = PBXBuildFile; fileRef = 9AFD0D0516A75115004FA0CB /* TUINSView.m */; };
		9AFD0D7016A75116004FA0CB /* TUINSWindow.m in Sources */ = {isa = PBXBuildFile; fileRef = 9AFD0D0716A75115004FA0CB /* TUINSWindow.m */; };
		9AFD0D7116A75116004FA0CB /* TUIPopover.m in Sources */ = {isa = PBXBuildFile; fileRef = 9AFD0D0916A75115004FA0CB /* TUIPopover.m */; };
		9AFD0D7216A75116004FA0CB /* TUIProgressBar.m in Sources */ = {isa = PBXBuildFile; fileRef = 9AFD0D0B16A75115004FA0CB /* TUIProgressBar.m */; };
		9AFD0D7316A75116004FA0CB /* TUIResponder.m in Sources */ = {isa = PBXBuildFile; fileRef = 9AFD0D0D16A75115004FA0CB /* TUIResponder.m */; };
		9AFD0D7416A75116004FA0CB /* TUIScroller.m in Sources */ = {isa = PBXBuildFile; fileRef = 9AFD0D0F16A75115004FA0CB /* TUIScroller.m */; };
		9AFD0D7516A75116004FA0CB /* TUIScrollView+TUIBridgedScrollView.m in Sources */ = {isa = PBXBuildFile; fileRef = 9AFD0D1216A75115004FA0CB /* TUIScrollView+TUIBridgedScrollView.m */; };
		9AFD0D7616A75116004FA0CB /* TUIScrollView.m in Sources */ = {isa = PBXBuildFile; fileRef = 9AFD0D1416A75115004FA0CB /* TUIScrollView.m */; };
		9AFD0D7716A75116004FA0CB /* TUIStretchableImage.m in Sources */ = {isa = PBXBuildFile; fileRef = 9AFD0D1616A75115004FA0CB /* TUIStretchableImage.m */; };
		9AFD0D7816A75116004FA0CB /* TUIStringDrawing.m in Sources */ = {isa = PBXBuildFile; fileRef = 9AFD0D1816A75115004FA0CB /* TUIStringDrawing.m */; };
		9AFD0D7916A75116004FA0CB /* TUITableView+Additions.m in Sources */ = {isa = PBXBuildFile; fileRef = 9AFD0D1A16A75115004FA0CB /* TUITableView+Additions.m */; };
		9AFD0D7A16A75116004FA0CB /* TUITableView+Cell.m in Sources */ = {isa = PBXBuildFile; fileRef = 9AFD0D1C16A75115004FA0CB /* TUITableView+Cell.m */; };
		9AFD0D7B16A75116004FA0CB /* TUITableView+Derepeater.m in Sources */ = {isa = PBXBuildFile; fileRef = 9AFD0D1E16A75115004FA0CB /* TUITableView+Derepeater.m */; };
		9AFD0D7C16A75116004FA0CB /* TUITableView.m in Sources */ = {isa = PBXBuildFile; fileRef = 9AFD0D2016A75115004FA0CB /* TUITableView.m */; };
		9AFD0D7D16A75116004FA0CB /* TUITableViewCell.m in Sources */ = {isa = PBXBuildFile; fileRef = 9AFD0D2316A75115004FA0CB /* TUITableViewCell.m */; };
		9AFD0D7E16A75116004FA0CB /* TUITableViewController.m in Sources */ = {isa = PBXBuildFile; fileRef = 9AFD0D2516A75115004FA0CB /* TUITableViewController.m */; };
		9AFD0D7F16A75116004FA0CB /* TUITableViewSectionHeader.m in Sources */ = {isa = PBXBuildFile; fileRef = 9AFD0D2716A75116004FA0CB /* TUITableViewSectionHeader.m */; };
		9AFD0D8016A75116004FA0CB /* TUITextEditor.m in Sources */ = {isa = PBXBuildFile; fileRef = 9AFD0D2916A75116004FA0CB /* TUITextEditor.m */; };
		9AFD0D8116A75116004FA0CB /* TUITextField.m in Sources */ = {isa = PBXBuildFile; fileRef = 9AFD0D2B16A75116004FA0CB /* TUITextField.m */; };
		9AFD0D8216A75116004FA0CB /* TUITextRenderer+Accessibility.m in Sources */ = {isa = PBXBuildFile; fileRef = 9AFD0D2D16A75116004FA0CB /* TUITextRenderer+Accessibility.m */; };
		9AFD0D8316A75116004FA0CB /* TUITextRenderer+Event.m in Sources */ = {isa = PBXBuildFile; fileRef = 9AFD0D2F16A75116004FA0CB /* TUITextRenderer+Event.m */; };
		9AFD0D8416A75116004FA0CB /* TUITextRenderer+KeyBindings.m in Sources */ = {isa = PBXBuildFile; fileRef = 9AFD0D3016A75116004FA0CB /* TUITextRenderer+KeyBindings.m */; };
		9AFD0D8516A75116004FA0CB /* TUITextRenderer.m in Sources */ = {isa = PBXBuildFile; fileRef = 9AFD0D3316A75116004FA0CB /* TUITextRenderer.m */; };
		9AFD0D8616A75116004FA0CB /* TUITextView.m in Sources */ = {isa = PBXBuildFile; fileRef = 9AFD0D3516A75116004FA0CB /* TUITextView.m */; };
		9AFD0D8716A75116004FA0CB /* TUITextViewEditor.m in Sources */ = {isa = PBXBuildFile; fileRef = 9AFD0D3716A75116004FA0CB /* TUITextViewEditor.m */; };
		9AFD0D8816A75116004FA0CB /* TUITooltipWindow.m in Sources */ = {isa = PBXBuildFile; fileRef = 9AFD0D3916A75116004FA0CB /* TUITooltipWindow.m */; };
		9AFD0D8916A75116004FA0CB /* TUIView+Accessibility.m in Sources */ = {isa = PBXBuildFile; fileRef = 9AFD0D3B16A75116004FA0CB /* TUIView+Accessibility.m */; };
		9AFD0D8A16A75116004FA0CB /* TUIView+Animation.m in Sources */ = {isa = PBXBuildFile; fileRef = 9AFD0D3C16A75116004FA0CB /* TUIView+Animation.m */; };
		9AFD0D8B16A75116004FA0CB /* TUIView+Event.m in Sources */ = {isa = PBXBuildFile; fileRef = 9AFD0D3E16A75116004FA0CB /* TUIView+Event.m */; };
		9AFD0D8C16A75116004FA0CB /* TUIView+Layout.m in Sources */ = {isa = PBXBuildFile; fileRef = 9AFD0D4016A75116004FA0CB /* TUIView+Layout.m */; };
		9AFD0D8D16A75116004FA0CB /* TUIView+PasteboardDragging.m in Sources */ = {isa = PBXBuildFile; fileRef = 9AFD0D4216A75116004FA0CB /* TUIView+PasteboardDragging.m */; };
		9AFD0D8E16A75116004FA0CB /* TUIView+TUIBridgedView.m in Sources */ = {isa = PBXBuildFile; fileRef = 9AFD0D4516A75116004FA0CB /* TUIView+TUIBridgedView.m */; };
		9AFD0D8F16A75116004FA0CB /* TUIView.m in Sources */ = {isa = PBXBuildFile; fileRef = 9AFD0D4716A75116004FA0CB /* TUIView.m */; };
		9AFD0D9016A75116004FA0CB /* TUIViewController.m in Sources */ = {isa = PBXBuildFile; fileRef = 9AFD0D4916A75116004FA0CB /* TUIViewController.m */; };
		9AFD0D9116A75116004FA0CB /* TUIViewNSViewContainer.m in Sources */ = {isa = PBXBuildFile; fileRef = 9AFD0D4C16A75116004FA0CB /* TUIViewNSViewContainer.m */; };
		9AFD0D9316A75145004FA0CB /* QuartzCore.framework in Frameworks */ = {isa = PBXBuildFile; fileRef = 9AFD0D9216A75145004FA0CB /* QuartzCore.framework */; };
		9AFD0D9616A751CB004FA0CB /* AHLayout.m in Sources */ = {isa = PBXBuildFile; fileRef = 9AFD0D9516A751CB004FA0CB /* AHLayout.m */; };
		9AFD0D9916A75322004FA0CB /* ExampleView.m in Sources */ = {isa = PBXBuildFile; fileRef = 9AFD0D9816A75322004FA0CB /* ExampleView.m */; };
/* End PBXBuildFile section */

/* Begin PBXFileReference section */
		9AFD0C9A16A750A1004FA0CB /* AHLayout.app */ = {isa = PBXFileReference; explicitFileType = wrapper.application; includeInIndex = 0; path = AHLayout.app; sourceTree = BUILT_PRODUCTS_DIR; };
		9AFD0C9E16A750A1004FA0CB /* Cocoa.framework */ = {isa = PBXFileReference; lastKnownFileType = wrapper.framework; name = Cocoa.framework; path = System/Library/Frameworks/Cocoa.framework; sourceTree = SDKROOT; };
		9AFD0CA116A750A1004FA0CB /* AppKit.framework */ = {isa = PBXFileReference; lastKnownFileType = wrapper.framework; name = AppKit.framework; path = System/Library/Frameworks/AppKit.framework; sourceTree = SDKROOT; };
		9AFD0CA216A750A1004FA0CB /* CoreData.framework */ = {isa = PBXFileReference; lastKnownFileType = wrapper.framework; name = CoreData.framework; path = System/Library/Frameworks/CoreData.framework; sourceTree = SDKROOT; };
		9AFD0CA316A750A1004FA0CB /* Foundation.framework */ = {isa = PBXFileReference; lastKnownFileType = wrapper.framework; name = Foundation.framework; path = System/Library/Frameworks/Foundation.framework; sourceTree = SDKROOT; };
		9AFD0CA616A750A1004FA0CB /* AHLayout-Info.plist */ = {isa = PBXFileReference; lastKnownFileType = text.plist.xml; path = "AHLayout-Info.plist"; sourceTree = "<group>"; };
		9AFD0CA816A750A1004FA0CB /* en */ = {isa = PBXFileReference; lastKnownFileType = text.plist.strings; name = en; path = en.lproj/InfoPlist.strings; sourceTree = "<group>"; };
		9AFD0CAA16A750A1004FA0CB /* main.m */ = {isa = PBXFileReference; lastKnownFileType = sourcecode.c.objc; path = main.m; sourceTree = "<group>"; };
		9AFD0CAC16A750A1004FA0CB /* AHLayout-Prefix.pch */ = {isa = PBXFileReference; lastKnownFileType = sourcecode.c.h; path = "AHLayout-Prefix.pch"; sourceTree = "<group>"; };
		9AFD0CAE16A750A1004FA0CB /* en */ = {isa = PBXFileReference; lastKnownFileType = text.rtf; name = en; path = en.lproj/Credits.rtf; sourceTree = "<group>"; };
		9AFD0CB016A750A1004FA0CB /* AHAppDelegate.h */ = {isa = PBXFileReference; lastKnownFileType = sourcecode.c.h; path = AHAppDelegate.h; sourceTree = "<group>"; };
		9AFD0CB116A750A1004FA0CB /* AHAppDelegate.m */ = {isa = PBXFileReference; lastKnownFileType = sourcecode.c.objc; path = AHAppDelegate.m; sourceTree = "<group>"; };
		9AFD0CB416A750A1004FA0CB /* en */ = {isa = PBXFileReference; lastKnownFileType = file.xib; name = en; path = en.lproj/MainMenu.xib; sourceTree = "<group>"; };
		9AFD0CBC16A75115004FA0CB /* ABActiveRange.h */ = {isa = PBXFileReference; fileEncoding = 4; lastKnownFileType = sourcecode.c.h; path = ABActiveRange.h; sourceTree = "<group>"; };
		9AFD0CBD16A75115004FA0CB /* ABActiveRange.m */ = {isa = PBXFileReference; fileEncoding = 4; lastKnownFileType = sourcecode.c.objc; path = ABActiveRange.m; sourceTree = "<group>"; };
		9AFD0CBE16A75115004FA0CB /* CAAnimation+TUIExtensions.h */ = {isa = PBXFileReference; fileEncoding = 4; lastKnownFileType = sourcecode.c.h; path = "CAAnimation+TUIExtensions.h"; sourceTree = "<group>"; };
		9AFD0CBF16A75115004FA0CB /* CAAnimation+TUIExtensions.m */ = {isa = PBXFileReference; fileEncoding = 4; lastKnownFileType = sourcecode.c.objc; path = "CAAnimation+TUIExtensions.m"; sourceTree = "<group>"; };
		9AFD0CC016A75115004FA0CB /* CALayer+TUIExtensions.h */ = {isa = PBXFileReference; fileEncoding = 4; lastKnownFileType = sourcecode.c.h; path = "CALayer+TUIExtensions.h"; sourceTree = "<group>"; };
		9AFD0CC116A75115004FA0CB /* CALayer+TUIExtensions.m */ = {isa = PBXFileReference; fileEncoding = 4; lastKnownFileType = sourcecode.c.objc; path = "CALayer+TUIExtensions.m"; sourceTree = "<group>"; };
		9AFD0CC216A75115004FA0CB /* CATransaction+TUIExtensions.h */ = {isa = PBXFileReference; fileEncoding = 4; lastKnownFileType = sourcecode.c.h; path = "CATransaction+TUIExtensions.h"; sourceTree = "<group>"; };
		9AFD0CC316A75115004FA0CB /* CATransaction+TUIExtensions.m */ = {isa = PBXFileReference; fileEncoding = 4; lastKnownFileType = sourcecode.c.objc; path = "CATransaction+TUIExtensions.m"; sourceTree = "<group>"; };
		9AFD0CC416A75115004FA0CB /* CoreText+Additions.h */ = {isa = PBXFileReference; fileEncoding = 4; lastKnownFileType = sourcecode.c.h; path = "CoreText+Additions.h"; sourceTree = "<group>"; };
		9AFD0CC516A75115004FA0CB /* CoreText+Additions.m */ = {isa = PBXFileReference; fileEncoding = 4; lastKnownFileType = sourcecode.c.objc; path = "CoreText+Additions.m"; sourceTree = "<group>"; };
		9AFD0CC616A75115004FA0CB /* NSAffineTransform+TUIExtensions.h */ = {isa = PBXFileReference; fileEncoding = 4; lastKnownFileType = sourcecode.c.h; path = "NSAffineTransform+TUIExtensions.h"; sourceTree = "<group>"; };
		9AFD0CC716A75115004FA0CB /* NSAffineTransform+TUIExtensions.m */ = {isa = PBXFileReference; fileEncoding = 4; lastKnownFileType = sourcecode.c.objc; path = "NSAffineTransform+TUIExtensions.m"; sourceTree = "<group>"; };
		9AFD0CC816A75115004FA0CB /* NSBezierPath+TUIExtensions.h */ = {isa = PBXFileReference; fileEncoding = 4; lastKnownFileType = sourcecode.c.h; path = "NSBezierPath+TUIExtensions.h"; sourceTree = "<group>"; };
		9AFD0CC916A75115004FA0CB /* NSBezierPath+TUIExtensions.m */ = {isa = PBXFileReference; fileEncoding = 4; lastKnownFileType = sourcecode.c.objc; path = "NSBezierPath+TUIExtensions.m"; sourceTree = "<group>"; };
		9AFD0CCA16A75115004FA0CB /* NSClipView+TUIExtensions.h */ = {isa = PBXFileReference; fileEncoding = 4; lastKnownFileType = sourcecode.c.h; path = "NSClipView+TUIExtensions.h"; sourceTree = "<group>"; };
		9AFD0CCB16A75115004FA0CB /* NSClipView+TUIExtensions.m */ = {isa = PBXFileReference; fileEncoding = 4; lastKnownFileType = sourcecode.c.objc; path = "NSClipView+TUIExtensions.m"; sourceTree = "<group>"; };
		9AFD0CCC16A75115004FA0CB /* NSColor+TUIExtensions.h */ = {isa = PBXFileReference; fileEncoding = 4; lastKnownFileType = sourcecode.c.h; path = "NSColor+TUIExtensions.h"; sourceTree = "<group>"; };
		9AFD0CCD16A75115004FA0CB /* NSColor+TUIExtensions.m */ = {isa = PBXFileReference; fileEncoding = 4; lastKnownFileType = sourcecode.c.objc; path = "NSColor+TUIExtensions.m"; sourceTree = "<group>"; };
		9AFD0CCE16A75115004FA0CB /* NSFont+TUIExtensions.h */ = {isa = PBXFileReference; fileEncoding = 4; lastKnownFileType = sourcecode.c.h; path = "NSFont+TUIExtensions.h"; sourceTree = "<group>"; };
		9AFD0CCF16A75115004FA0CB /* NSFont+TUIExtensions.m */ = {isa = PBXFileReference; fileEncoding = 4; lastKnownFileType = sourcecode.c.objc; path = "NSFont+TUIExtensions.m"; sourceTree = "<group>"; };
		9AFD0CD016A75115004FA0CB /* NSImage+TUIExtensions.h */ = {isa = PBXFileReference; fileEncoding = 4; lastKnownFileType = sourcecode.c.h; path = "NSImage+TUIExtensions.h"; sourceTree = "<group>"; };
		9AFD0CD116A75115004FA0CB /* NSImage+TUIExtensions.m */ = {isa = PBXFileReference; fileEncoding = 4; lastKnownFileType = sourcecode.c.objc; path = "NSImage+TUIExtensions.m"; sourceTree = "<group>"; };
		9AFD0CD216A75115004FA0CB /* NSScrollView+TUIExtensions.h */ = {isa = PBXFileReference; fileEncoding = 4; lastKnownFileType = sourcecode.c.h; path = "NSScrollView+TUIExtensions.h"; sourceTree = "<group>"; };
		9AFD0CD316A75115004FA0CB /* NSScrollView+TUIExtensions.m */ = {isa = PBXFileReference; fileEncoding = 4; lastKnownFileType = sourcecode.c.objc; path = "NSScrollView+TUIExtensions.m"; sourceTree = "<group>"; };
		9AFD0CD416A75115004FA0CB /* NSShadow+TUIExtensions.h */ = {isa = PBXFileReference; fileEncoding = 4; lastKnownFileType = sourcecode.c.h; path = "NSShadow+TUIExtensions.h"; sourceTree = "<group>"; };
		9AFD0CD516A75115004FA0CB /* NSShadow+TUIExtensions.m */ = {isa = PBXFileReference; fileEncoding = 4; lastKnownFileType = sourcecode.c.objc; path = "NSShadow+TUIExtensions.m"; sourceTree = "<group>"; };
		9AFD0CD616A75115004FA0CB /* NSTextView+TUIExtensions.h */ = {isa = PBXFileReference; fileEncoding = 4; lastKnownFileType = sourcecode.c.h; path = "NSTextView+TUIExtensions.h"; sourceTree = "<group>"; };
		9AFD0CD716A75115004FA0CB /* NSTextView+TUIExtensions.m */ = {isa = PBXFileReference; fileEncoding = 4; lastKnownFileType = sourcecode.c.objc; path = "NSTextView+TUIExtensions.m"; sourceTree = "<group>"; };
		9AFD0CD816A75115004FA0CB /* NSView+TUIExtensions.h */ = {isa = PBXFileReference; fileEncoding = 4; lastKnownFileType = sourcecode.c.h; path = "NSView+TUIExtensions.h"; sourceTree = "<group>"; };
		9AFD0CD916A75115004FA0CB /* NSView+TUIExtensions.m */ = {isa = PBXFileReference; fileEncoding = 4; lastKnownFileType = sourcecode.c.objc; path = "NSView+TUIExtensions.m"; sourceTree = "<group>"; };
		9AFD0CDA16A75115004FA0CB /* TUIAccessibility.h */ = {isa = PBXFileReference; fileEncoding = 4; lastKnownFileType = sourcecode.c.h; path = TUIAccessibility.h; sourceTree = "<group>"; };
		9AFD0CDB16A75115004FA0CB /* TUIAccessibility.m */ = {isa = PBXFileReference; fileEncoding = 4; lastKnownFileType = sourcecode.c.objc; path = TUIAccessibility.m; sourceTree = "<group>"; };
		9AFD0CDC16A75115004FA0CB /* TUIActivityIndicatorView.h */ = {isa = PBXFileReference; fileEncoding = 4; lastKnownFileType = sourcecode.c.h; path = TUIActivityIndicatorView.h; sourceTree = "<group>"; };
		9AFD0CDD16A75115004FA0CB /* TUIActivityIndicatorView.m */ = {isa = PBXFileReference; fileEncoding = 4; lastKnownFileType = sourcecode.c.objc; path = TUIActivityIndicatorView.m; sourceTree = "<group>"; };
		9AFD0CDE16A75115004FA0CB /* TUIAttributedString.h */ = {isa = PBXFileReference; fileEncoding = 4; lastKnownFileType = sourcecode.c.h; path = TUIAttributedString.h; sourceTree = "<group>"; };
		9AFD0CDF16A75115004FA0CB /* TUIAttributedString.m */ = {isa = PBXFileReference; fileEncoding = 4; lastKnownFileType = sourcecode.c.objc; path = TUIAttributedString.m; sourceTree = "<group>"; };
		9AFD0CE016A75115004FA0CB /* TUIBridgedScrollView.h */ = {isa = PBXFileReference; fileEncoding = 4; lastKnownFileType = sourcecode.c.h; path = TUIBridgedScrollView.h; sourceTree = "<group>"; };
		9AFD0CE116A75115004FA0CB /* TUIBridgedView.h */ = {isa = PBXFileReference; fileEncoding = 4; lastKnownFileType = sourcecode.c.h; path = TUIBridgedView.h; sourceTree = "<group>"; };
		9AFD0CE216A75115004FA0CB /* TUIButton+Accessibility.h */ = {isa = PBXFileReference; fileEncoding = 4; lastKnownFileType = sourcecode.c.h; path = "TUIButton+Accessibility.h"; sourceTree = "<group>"; };
		9AFD0CE316A75115004FA0CB /* TUIButton+Accessibility.m */ = {isa = PBXFileReference; fileEncoding = 4; lastKnownFileType = sourcecode.c.objc; path = "TUIButton+Accessibility.m"; sourceTree = "<group>"; };
		9AFD0CE416A75115004FA0CB /* TUIButton+Content.m */ = {isa = PBXFileReference; fileEncoding = 4; lastKnownFileType = sourcecode.c.objc; path = "TUIButton+Content.m"; sourceTree = "<group>"; };
		9AFD0CE516A75115004FA0CB /* TUIButton.h */ = {isa = PBXFileReference; fileEncoding = 4; lastKnownFileType = sourcecode.c.h; path = TUIButton.h; sourceTree = "<group>"; };
		9AFD0CE616A75115004FA0CB /* TUIButton.m */ = {isa = PBXFileReference; fileEncoding = 4; lastKnownFileType = sourcecode.c.objc; path = TUIButton.m; sourceTree = "<group>"; };
		9AFD0CE716A75115004FA0CB /* TUICAAction.h */ = {isa = PBXFileReference; fileEncoding = 4; lastKnownFileType = sourcecode.c.h; path = TUICAAction.h; sourceTree = "<group>"; };
		9AFD0CE816A75115004FA0CB /* TUICAAction.m */ = {isa = PBXFileReference; fileEncoding = 4; lastKnownFileType = sourcecode.c.objc; path = TUICAAction.m; sourceTree = "<group>"; };
		9AFD0CE916A75115004FA0CB /* TUICGAdditions.h */ = {isa = PBXFileReference; fileEncoding = 4; lastKnownFileType = sourcecode.c.h; path = TUICGAdditions.h; sourceTree = "<group>"; };
		9AFD0CEA16A75115004FA0CB /* TUICGAdditions.m */ = {isa = PBXFileReference; fileEncoding = 4; lastKnownFileType = sourcecode.c.objc; path = TUICGAdditions.m; sourceTree = "<group>"; };
		9AFD0CEB16A75115004FA0CB /* TUIControl+Accessibility.h */ = {isa = PBXFileReference; fileEncoding = 4; lastKnownFileType = sourcecode.c.h; path = "TUIControl+Accessibility.h"; sourceTree = "<group>"; };
		9AFD0CEC16A75115004FA0CB /* TUIControl+Accessibility.m */ = {isa = PBXFileReference; fileEncoding = 4; lastKnownFileType = sourcecode.c.objc; path = "TUIControl+Accessibility.m"; sourceTree = "<group>"; };
		9AFD0CED16A75115004FA0CB /* TUIControl.h */ = {isa = PBXFileReference; fileEncoding = 4; lastKnownFileType = sourcecode.c.h; path = TUIControl.h; sourceTree = "<group>"; };
		9AFD0CEE16A75115004FA0CB /* TUIControl.m */ = {isa = PBXFileReference; fileEncoding = 4; lastKnownFileType = sourcecode.c.objc; path = TUIControl.m; sourceTree = "<group>"; };
		9AFD0CEF16A75115004FA0CB /* TUIGeometry.h */ = {isa = PBXFileReference; fileEncoding = 4; lastKnownFileType = sourcecode.c.h; path = TUIGeometry.h; sourceTree = "<group>"; };
		9AFD0CF016A75115004FA0CB /* TUIGeometry.m */ = {isa = PBXFileReference; fileEncoding = 4; lastKnownFileType = sourcecode.c.objc; path = TUIGeometry.m; sourceTree = "<group>"; };
		9AFD0CF116A75115004FA0CB /* TUIHostView.h */ = {isa = PBXFileReference; fileEncoding = 4; lastKnownFileType = sourcecode.c.h; path = TUIHostView.h; sourceTree = "<group>"; };
		9AFD0CF216A75115004FA0CB /* TUIImageView.h */ = {isa = PBXFileReference; fileEncoding = 4; lastKnownFileType = sourcecode.c.h; path = TUIImageView.h; sourceTree = "<group>"; };
		9AFD0CF316A75115004FA0CB /* TUIImageView.m */ = {isa = PBXFileReference; fileEncoding = 4; lastKnownFileType = sourcecode.c.objc; path = TUIImageView.m; sourceTree = "<group>"; };
		9AFD0CF416A75115004FA0CB /* TUIKit.h */ = {isa = PBXFileReference; fileEncoding = 4; lastKnownFileType = sourcecode.c.h; path = TUIKit.h; sourceTree = "<group>"; };
		9AFD0CF516A75115004FA0CB /* TUILabel.h */ = {isa = PBXFileReference; fileEncoding = 4; lastKnownFileType = sourcecode.c.h; path = TUILabel.h; sourceTree = "<group>"; };
		9AFD0CF616A75115004FA0CB /* TUILabel.m */ = {isa = PBXFileReference; fileEncoding = 4; lastKnownFileType = sourcecode.c.objc; path = TUILabel.m; sourceTree = "<group>"; };
		9AFD0CF716A75115004FA0CB /* TUILayoutConstraint.h */ = {isa = PBXFileReference; fileEncoding = 4; lastKnownFileType = sourcecode.c.h; path = TUILayoutConstraint.h; sourceTree = "<group>"; };
		9AFD0CF816A75115004FA0CB /* TUILayoutConstraint.m */ = {isa = PBXFileReference; fileEncoding = 4; lastKnownFileType = sourcecode.c.objc; path = TUILayoutConstraint.m; sourceTree = "<group>"; };
		9AFD0CF916A75115004FA0CB /* TUILayoutManager.h */ = {isa = PBXFileReference; fileEncoding = 4; lastKnownFileType = sourcecode.c.h; path = TUILayoutManager.h; sourceTree = "<group>"; };
		9AFD0CFA16A75115004FA0CB /* TUILayoutManager.m */ = {isa = PBXFileReference; fileEncoding = 4; lastKnownFileType = sourcecode.c.objc; path = TUILayoutManager.m; sourceTree = "<group>"; };
		9AFD0CFB16A75115004FA0CB /* TUINavigationController.h */ = {isa = PBXFileReference; fileEncoding = 4; lastKnownFileType = sourcecode.c.h; path = TUINavigationController.h; sourceTree = "<group>"; };
		9AFD0CFC16A75115004FA0CB /* TUINavigationController.m */ = {isa = PBXFileReference; fileEncoding = 4; lastKnownFileType = sourcecode.c.objc; path = TUINavigationController.m; sourceTree = "<group>"; };
		9AFD0CFD16A75115004FA0CB /* TUINSView+Accessibility.h */ = {isa = PBXFileReference; fileEncoding = 4; lastKnownFileType = sourcecode.c.h; path = "TUINSView+Accessibility.h"; sourceTree = "<group>"; };
		9AFD0CFE16A75115004FA0CB /* TUINSView+Accessibility.m */ = {isa = PBXFileReference; fileEncoding = 4; lastKnownFileType = sourcecode.c.objc; path = "TUINSView+Accessibility.m"; sourceTree = "<group>"; };
		9AFD0CFF16A75115004FA0CB /* TUINSView+Hyperfocus.h */ = {isa = PBXFileReference; fileEncoding = 4; lastKnownFileType = sourcecode.c.h; path = "TUINSView+Hyperfocus.h"; sourceTree = "<group>"; };
		9AFD0D0016A75115004FA0CB /* TUINSView+Hyperfocus.m */ = {isa = PBXFileReference; fileEncoding = 4; lastKnownFileType = sourcecode.c.objc; path = "TUINSView+Hyperfocus.m"; sourceTree = "<group>"; };
		9AFD0D0116A75115004FA0CB /* TUINSView+NSTextInputClient.h */ = {isa = PBXFileReference; fileEncoding = 4; lastKnownFileType = sourcecode.c.h; path = "TUINSView+NSTextInputClient.h"; sourceTree = "<group>"; };
		9AFD0D0216A75115004FA0CB /* TUINSView+NSTextInputClient.m */ = {isa = PBXFileReference; fileEncoding = 4; lastKnownFileType = sourcecode.c.objc; path = "TUINSView+NSTextInputClient.m"; sourceTree = "<group>"; };
		9AFD0D0316A75115004FA0CB /* TUINSView+Private.h */ = {isa = PBXFileReference; fileEncoding = 4; lastKnownFileType = sourcecode.c.h; path = "TUINSView+Private.h"; sourceTree = "<group>"; };
		9AFD0D0416A75115004FA0CB /* TUINSView.h */ = {isa = PBXFileReference; fileEncoding = 4; lastKnownFileType = sourcecode.c.h; path = TUINSView.h; sourceTree = "<group>"; };
		9AFD0D0516A75115004FA0CB /* TUINSView.m */ = {isa = PBXFileReference; fileEncoding = 4; lastKnownFileType = sourcecode.c.objc; path = TUINSView.m; sourceTree = "<group>"; };
		9AFD0D0616A75115004FA0CB /* TUINSWindow.h */ = {isa = PBXFileReference; fileEncoding = 4; lastKnownFileType = sourcecode.c.h; path = TUINSWindow.h; sourceTree = "<group>"; };
		9AFD0D0716A75115004FA0CB /* TUINSWindow.m */ = {isa = PBXFileReference; fileEncoding = 4; lastKnownFileType = sourcecode.c.objc; path = TUINSWindow.m; sourceTree = "<group>"; };
		9AFD0D0816A75115004FA0CB /* TUIPopover.h */ = {isa = PBXFileReference; fileEncoding = 4; lastKnownFileType = sourcecode.c.h; path = TUIPopover.h; sourceTree = "<group>"; };
		9AFD0D0916A75115004FA0CB /* TUIPopover.m */ = {isa = PBXFileReference; fileEncoding = 4; lastKnownFileType = sourcecode.c.objc; path = TUIPopover.m; sourceTree = "<group>"; };
		9AFD0D0A16A75115004FA0CB /* TUIProgressBar.h */ = {isa = PBXFileReference; fileEncoding = 4; lastKnownFileType = sourcecode.c.h; path = TUIProgressBar.h; sourceTree = "<group>"; };
		9AFD0D0B16A75115004FA0CB /* TUIProgressBar.m */ = {isa = PBXFileReference; fileEncoding = 4; lastKnownFileType = sourcecode.c.objc; path = TUIProgressBar.m; sourceTree = "<group>"; };
		9AFD0D0C16A75115004FA0CB /* TUIResponder.h */ = {isa = PBXFileReference; fileEncoding = 4; lastKnownFileType = sourcecode.c.h; path = TUIResponder.h; sourceTree = "<group>"; };
		9AFD0D0D16A75115004FA0CB /* TUIResponder.m */ = {isa = PBXFileReference; fileEncoding = 4; lastKnownFileType = sourcecode.c.objc; path = TUIResponder.m; sourceTree = "<group>"; };
		9AFD0D0E16A75115004FA0CB /* TUIScroller.h */ = {isa = PBXFileReference; fileEncoding = 4; lastKnownFileType = sourcecode.c.h; path = TUIScroller.h; sourceTree = "<group>"; };
		9AFD0D0F16A75115004FA0CB /* TUIScroller.m */ = {isa = PBXFileReference; fileEncoding = 4; lastKnownFileType = sourcecode.c.objc; path = TUIScroller.m; sourceTree = "<group>"; };
		9AFD0D1016A75115004FA0CB /* TUIScrollView+Private.h */ = {isa = PBXFileReference; fileEncoding = 4; lastKnownFileType = sourcecode.c.h; path = "TUIScrollView+Private.h"; sourceTree = "<group>"; };
		9AFD0D1116A75115004FA0CB /* TUIScrollView+TUIBridgedScrollView.h */ = {isa = PBXFileReference; fileEncoding = 4; lastKnownFileType = sourcecode.c.h; path = "TUIScrollView+TUIBridgedScrollView.h"; sourceTree = "<group>"; };
		9AFD0D1216A75115004FA0CB /* TUIScrollView+TUIBridgedScrollView.m */ = {isa = PBXFileReference; fileEncoding = 4; lastKnownFileType = sourcecode.c.objc; path = "TUIScrollView+TUIBridgedScrollView.m"; sourceTree = "<group>"; };
		9AFD0D1316A75115004FA0CB /* TUIScrollView.h */ = {isa = PBXFileReference; fileEncoding = 4; lastKnownFileType = sourcecode.c.h; path = TUIScrollView.h; sourceTree = "<group>"; };
		9AFD0D1416A75115004FA0CB /* TUIScrollView.m */ = {isa = PBXFileReference; fileEncoding = 4; lastKnownFileType = sourcecode.c.objc; path = TUIScrollView.m; sourceTree = "<group>"; };
		9AFD0D1516A75115004FA0CB /* TUIStretchableImage.h */ = {isa = PBXFileReference; fileEncoding = 4; lastKnownFileType = sourcecode.c.h; path = TUIStretchableImage.h; sourceTree = "<group>"; };
		9AFD0D1616A75115004FA0CB /* TUIStretchableImage.m */ = {isa = PBXFileReference; fileEncoding = 4; lastKnownFileType = sourcecode.c.objc; path = TUIStretchableImage.m; sourceTree = "<group>"; };
		9AFD0D1716A75115004FA0CB /* TUIStringDrawing.h */ = {isa = PBXFileReference; fileEncoding = 4; lastKnownFileType = sourcecode.c.h; path = TUIStringDrawing.h; sourceTree = "<group>"; };
		9AFD0D1816A75115004FA0CB /* TUIStringDrawing.m */ = {isa = PBXFileReference; fileEncoding = 4; lastKnownFileType = sourcecode.c.objc; path = TUIStringDrawing.m; sourceTree = "<group>"; };
		9AFD0D1916A75115004FA0CB /* TUITableView+Additions.h */ = {isa = PBXFileReference; fileEncoding = 4; lastKnownFileType = sourcecode.c.h; path = "TUITableView+Additions.h"; sourceTree = "<group>"; };
		9AFD0D1A16A75115004FA0CB /* TUITableView+Additions.m */ = {isa = PBXFileReference; fileEncoding = 4; lastKnownFileType = sourcecode.c.objc; path = "TUITableView+Additions.m"; sourceTree = "<group>"; };
		9AFD0D1B16A75115004FA0CB /* TUITableView+Cell.h */ = {isa = PBXFileReference; fileEncoding = 4; lastKnownFileType = sourcecode.c.h; path = "TUITableView+Cell.h"; sourceTree = "<group>"; };
		9AFD0D1C16A75115004FA0CB /* TUITableView+Cell.m */ = {isa = PBXFileReference; fileEncoding = 4; lastKnownFileType = sourcecode.c.objc; path = "TUITableView+Cell.m"; sourceTree = "<group>"; };
		9AFD0D1D16A75115004FA0CB /* TUITableView+Derepeater.h */ = {isa = PBXFileReference; fileEncoding = 4; lastKnownFileType = sourcecode.c.h; path = "TUITableView+Derepeater.h"; sourceTree = "<group>"; };
		9AFD0D1E16A75115004FA0CB /* TUITableView+Derepeater.m */ = {isa = PBXFileReference; fileEncoding = 4; lastKnownFileType = sourcecode.c.objc; path = "TUITableView+Derepeater.m"; sourceTree = "<group>"; };
		9AFD0D1F16A75115004FA0CB /* TUITableView.h */ = {isa = PBXFileReference; fileEncoding = 4; lastKnownFileType = sourcecode.c.h; path = TUITableView.h; sourceTree = "<group>"; };
		9AFD0D2016A75115004FA0CB /* TUITableView.m */ = {isa = PBXFileReference; fileEncoding = 4; lastKnownFileType = sourcecode.c.objc; path = TUITableView.m; sourceTree = "<group>"; };
		9AFD0D2116A75115004FA0CB /* TUITableViewCell+Private.h */ = {isa = PBXFileReference; fileEncoding = 4; lastKnownFileType = sourcecode.c.h; path = "TUITableViewCell+Private.h"; sourceTree = "<group>"; };
		9AFD0D2216A75115004FA0CB /* TUITableViewCell.h */ = {isa = PBXFileReference; fileEncoding = 4; lastKnownFileType = sourcecode.c.h; path = TUITableViewCell.h; sourceTree = "<group>"; };
		9AFD0D2316A75115004FA0CB /* TUITableViewCell.m */ = {isa = PBXFileReference; fileEncoding = 4; lastKnownFileType = sourcecode.c.objc; path = TUITableViewCell.m; sourceTree = "<group>"; };
		9AFD0D2416A75115004FA0CB /* TUITableViewController.h */ = {isa = PBXFileReference; fileEncoding = 4; lastKnownFileType = sourcecode.c.h; path = TUITableViewController.h; sourceTree = "<group>"; };
		9AFD0D2516A75115004FA0CB /* TUITableViewController.m */ = {isa = PBXFileReference; fileEncoding = 4; lastKnownFileType = sourcecode.c.objc; path = TUITableViewController.m; sourceTree = "<group>"; };
		9AFD0D2616A75115004FA0CB /* TUITableViewSectionHeader.h */ = {isa = PBXFileReference; fileEncoding = 4; lastKnownFileType = sourcecode.c.h; path = TUITableViewSectionHeader.h; sourceTree = "<group>"; };
		9AFD0D2716A75116004FA0CB /* TUITableViewSectionHeader.m */ = {isa = PBXFileReference; fileEncoding = 4; lastKnownFileType = sourcecode.c.objc; path = TUITableViewSectionHeader.m; sourceTree = "<group>"; };
		9AFD0D2816A75116004FA0CB /* TUITextEditor.h */ = {isa = PBXFileReference; fileEncoding = 4; lastKnownFileType = sourcecode.c.h; path = TUITextEditor.h; sourceTree = "<group>"; };
		9AFD0D2916A75116004FA0CB /* TUITextEditor.m */ = {isa = PBXFileReference; fileEncoding = 4; lastKnownFileType = sourcecode.c.objc; path = TUITextEditor.m; sourceTree = "<group>"; };
		9AFD0D2A16A75116004FA0CB /* TUITextField.h */ = {isa = PBXFileReference; fileEncoding = 4; lastKnownFileType = sourcecode.c.h; path = TUITextField.h; sourceTree = "<group>"; };
		9AFD0D2B16A75116004FA0CB /* TUITextField.m */ = {isa = PBXFileReference; fileEncoding = 4; lastKnownFileType = sourcecode.c.objc; path = TUITextField.m; sourceTree = "<group>"; };
		9AFD0D2C16A75116004FA0CB /* TUITextRenderer+Accessibility.h */ = {isa = PBXFileReference; fileEncoding = 4; lastKnownFileType = sourcecode.c.h; path = "TUITextRenderer+Accessibility.h"; sourceTree = "<group>"; };
		9AFD0D2D16A75116004FA0CB /* TUITextRenderer+Accessibility.m */ = {isa = PBXFileReference; fileEncoding = 4; lastKnownFileType = sourcecode.c.objc; path = "TUITextRenderer+Accessibility.m"; sourceTree = "<group>"; };
		9AFD0D2E16A75116004FA0CB /* TUITextRenderer+Event.h */ = {isa = PBXFileReference; fileEncoding = 4; lastKnownFileType = sourcecode.c.h; path = "TUITextRenderer+Event.h"; sourceTree = "<group>"; };
		9AFD0D2F16A75116004FA0CB /* TUITextRenderer+Event.m */ = {isa = PBXFileReference; fileEncoding = 4; lastKnownFileType = sourcecode.c.objc; path = "TUITextRenderer+Event.m"; sourceTree = "<group>"; };
		9AFD0D3016A75116004FA0CB /* TUITextRenderer+KeyBindings.m */ = {isa = PBXFileReference; fileEncoding = 4; lastKnownFileType = sourcecode.c.objc; path = "TUITextRenderer+KeyBindings.m"; sourceTree = "<group>"; };
		9AFD0D3116A75116004FA0CB /* TUITextRenderer+Private.h */ = {isa = PBXFileReference; fileEncoding = 4; lastKnownFileType = sourcecode.c.h; path = "TUITextRenderer+Private.h"; sourceTree = "<group>"; };
		9AFD0D3216A75116004FA0CB /* TUITextRenderer.h */ = {isa = PBXFileReference; fileEncoding = 4; lastKnownFileType = sourcecode.c.h; path = TUITextRenderer.h; sourceTree = "<group>"; };
		9AFD0D3316A75116004FA0CB /* TUITextRenderer.m */ = {isa = PBXFileReference; fileEncoding = 4; lastKnownFileType = sourcecode.c.objc; path = TUITextRenderer.m; sourceTree = "<group>"; };
		9AFD0D3416A75116004FA0CB /* TUITextView.h */ = {isa = PBXFileReference; fileEncoding = 4; lastKnownFileType = sourcecode.c.h; path = TUITextView.h; sourceTree = "<group>"; };
		9AFD0D3516A75116004FA0CB /* TUITextView.m */ = {isa = PBXFileReference; fileEncoding = 4; lastKnownFileType = sourcecode.c.objc; path = TUITextView.m; sourceTree = "<group>"; };
		9AFD0D3616A75116004FA0CB /* TUITextViewEditor.h */ = {isa = PBXFileReference; fileEncoding = 4; lastKnownFileType = sourcecode.c.h; path = TUITextViewEditor.h; sourceTree = "<group>"; };
		9AFD0D3716A75116004FA0CB /* TUITextViewEditor.m */ = {isa = PBXFileReference; fileEncoding = 4; lastKnownFileType = sourcecode.c.objc; path = TUITextViewEditor.m; sourceTree = "<group>"; };
		9AFD0D3816A75116004FA0CB /* TUITooltipWindow.h */ = {isa = PBXFileReference; fileEncoding = 4; lastKnownFileType = sourcecode.c.h; path = TUITooltipWindow.h; sourceTree = "<group>"; };
		9AFD0D3916A75116004FA0CB /* TUITooltipWindow.m */ = {isa = PBXFileReference; fileEncoding = 4; lastKnownFileType = sourcecode.c.objc; path = TUITooltipWindow.m; sourceTree = "<group>"; };
		9AFD0D3A16A75116004FA0CB /* TUIView+Accessibility.h */ = {isa = PBXFileReference; fileEncoding = 4; lastKnownFileType = sourcecode.c.h; path = "TUIView+Accessibility.h"; sourceTree = "<group>"; };
		9AFD0D3B16A75116004FA0CB /* TUIView+Accessibility.m */ = {isa = PBXFileReference; fileEncoding = 4; lastKnownFileType = sourcecode.c.objc; path = "TUIView+Accessibility.m"; sourceTree = "<group>"; };
		9AFD0D3C16A75116004FA0CB /* TUIView+Animation.m */ = {isa = PBXFileReference; fileEncoding = 4; lastKnownFileType = sourcecode.c.objc; path = "TUIView+Animation.m"; sourceTree = "<group>"; };
		9AFD0D3D16A75116004FA0CB /* TUIView+Event.h */ = {isa = PBXFileReference; fileEncoding = 4; lastKnownFileType = sourcecode.c.h; path = "TUIView+Event.h"; sourceTree = "<group>"; };
		9AFD0D3E16A75116004FA0CB /* TUIView+Event.m */ = {isa = PBXFileReference; fileEncoding = 4; lastKnownFileType = sourcecode.c.objc; path = "TUIView+Event.m"; sourceTree = "<group>"; };
		9AFD0D3F16A75116004FA0CB /* TUIView+Layout.h */ = {isa = PBXFileReference; fileEncoding = 4; lastKnownFileType = sourcecode.c.h; path = "TUIView+Layout.h"; sourceTree = "<group>"; };
		9AFD0D4016A75116004FA0CB /* TUIView+Layout.m */ = {isa = PBXFileReference; fileEncoding = 4; lastKnownFileType = sourcecode.c.objc; path = "TUIView+Layout.m"; sourceTree = "<group>"; };
		9AFD0D4116A75116004FA0CB /* TUIView+PasteboardDragging.h */ = {isa = PBXFileReference; fileEncoding = 4; lastKnownFileType = sourcecode.c.h; path = "TUIView+PasteboardDragging.h"; sourceTree = "<group>"; };
		9AFD0D4216A75116004FA0CB /* TUIView+PasteboardDragging.m */ = {isa = PBXFileReference; fileEncoding = 4; lastKnownFileType = sourcecode.c.objc; path = "TUIView+PasteboardDragging.m"; sourceTree = "<group>"; };
		9AFD0D4316A75116004FA0CB /* TUIView+Private.h */ = {isa = PBXFileReference; fileEncoding = 4; lastKnownFileType = sourcecode.c.h; path = "TUIView+Private.h"; sourceTree = "<group>"; };
		9AFD0D4416A75116004FA0CB /* TUIView+TUIBridgedView.h */ = {isa = PBXFileReference; fileEncoding = 4; lastKnownFileType = sourcecode.c.h; path = "TUIView+TUIBridgedView.h"; sourceTree = "<group>"; };
		9AFD0D4516A75116004FA0CB /* TUIView+TUIBridgedView.m */ = {isa = PBXFileReference; fileEncoding = 4; lastKnownFileType = sourcecode.c.objc; path = "TUIView+TUIBridgedView.m"; sourceTree = "<group>"; };
		9AFD0D4616A75116004FA0CB /* TUIView.h */ = {isa = PBXFileReference; fileEncoding = 4; lastKnownFileType = sourcecode.c.h; path = TUIView.h; sourceTree = "<group>"; };
		9AFD0D4716A75116004FA0CB /* TUIView.m */ = {isa = PBXFileReference; fileEncoding = 4; lastKnownFileType = sourcecode.c.objc; path = TUIView.m; sourceTree = "<group>"; };
		9AFD0D4816A75116004FA0CB /* TUIViewController.h */ = {isa = PBXFileReference; fileEncoding = 4; lastKnownFileType = sourcecode.c.h; path = TUIViewController.h; sourceTree = "<group>"; };
		9AFD0D4916A75116004FA0CB /* TUIViewController.m */ = {isa = PBXFileReference; fileEncoding = 4; lastKnownFileType = sourcecode.c.objc; path = TUIViewController.m; sourceTree = "<group>"; };
		9AFD0D4A16A75116004FA0CB /* TUIViewNSViewContainer+Private.h */ = {isa = PBXFileReference; fileEncoding = 4; lastKnownFileType = sourcecode.c.h; path = "TUIViewNSViewContainer+Private.h"; sourceTree = "<group>"; };
		9AFD0D4B16A75116004FA0CB /* TUIViewNSViewContainer.h */ = {isa = PBXFileReference; fileEncoding = 4; lastKnownFileType = sourcecode.c.h; path = TUIViewNSViewContainer.h; sourceTree = "<group>"; };
		9AFD0D4C16A75116004FA0CB /* TUIViewNSViewContainer.m */ = {isa = PBXFileReference; fileEncoding = 4; lastKnownFileType = sourcecode.c.objc; path = TUIViewNSViewContainer.m; sourceTree = "<group>"; };
		9AFD0D9216A75145004FA0CB /* QuartzCore.framework */ = {isa = PBXFileReference; lastKnownFileType = wrapper.framework; name = QuartzCore.framework; path = System/Library/Frameworks/QuartzCore.framework; sourceTree = SDKROOT; };
		9AFD0D9416A751CB004FA0CB /* AHLayout.h */ = {isa = PBXFileReference; fileEncoding = 4; lastKnownFileType = sourcecode.c.h; path = AHLayout.h; sourceTree = "<group>"; };
		9AFD0D9516A751CB004FA0CB /* AHLayout.m */ = {isa = PBXFileReference; fileEncoding = 4; lastKnownFileType = sourcecode.c.objc; path = AHLayout.m; sourceTree = "<group>"; };
		9AFD0D9716A75322004FA0CB /* ExampleView.h */ = {isa = PBXFileReference; fileEncoding = 4; lastKnownFileType = sourcecode.c.h; path = ExampleView.h; sourceTree = "<group>"; };
		9AFD0D9816A75322004FA0CB /* ExampleView.m */ = {isa = PBXFileReference; fileEncoding = 4; lastKnownFileType = sourcecode.c.objc; path = ExampleView.m; sourceTree = "<group>"; };
/* End PBXFileReference section */

/* Begin PBXFrameworksBuildPhase section */
		9AFD0C9716A750A1004FA0CB /* Frameworks */ = {
			isa = PBXFrameworksBuildPhase;
			buildActionMask = 2147483647;
			files = (
				9AFD0D9316A75145004FA0CB /* QuartzCore.framework in Frameworks */,
				9AFD0C9F16A750A1004FA0CB /* Cocoa.framework in Frameworks */,
			);
			runOnlyForDeploymentPostprocessing = 0;
		};
/* End PBXFrameworksBuildPhase section */

/* Begin PBXGroup section */
		9AFD0C8F16A750A1004FA0CB = {
			isa = PBXGroup;
			children = (
				9AFD0CBB16A75115004FA0CB /* TUIKit */,
				9AFD0CA416A750A1004FA0CB /* AHLayout */,
				9AFD0C9D16A750A1004FA0CB /* Frameworks */,
				9AFD0C9B16A750A1004FA0CB /* Products */,
			);
			sourceTree = "<group>";
		};
		9AFD0C9B16A750A1004FA0CB /* Products */ = {
			isa = PBXGroup;
			children = (
				9AFD0C9A16A750A1004FA0CB /* AHLayout.app */,
			);
			name = Products;
			sourceTree = "<group>";
		};
		9AFD0C9D16A750A1004FA0CB /* Frameworks */ = {
			isa = PBXGroup;
			children = (
				9AFD0D9216A75145004FA0CB /* QuartzCore.framework */,
				9AFD0C9E16A750A1004FA0CB /* Cocoa.framework */,
				9AFD0CA016A750A1004FA0CB /* Other Frameworks */,
			);
			name = Frameworks;
			sourceTree = "<group>";
		};
		9AFD0CA016A750A1004FA0CB /* Other Frameworks */ = {
			isa = PBXGroup;
			children = (
				9AFD0CA116A750A1004FA0CB /* AppKit.framework */,
				9AFD0CA216A750A1004FA0CB /* CoreData.framework */,
				9AFD0CA316A750A1004FA0CB /* Foundation.framework */,
			);
			name = "Other Frameworks";
			sourceTree = "<group>";
		};
		9AFD0CA416A750A1004FA0CB /* AHLayout */ = {
			isa = PBXGroup;
			children = (
				9AFD0D9716A75322004FA0CB /* ExampleView.h */,
				9AFD0D9816A75322004FA0CB /* ExampleView.m */,
				9AFD0CB016A750A1004FA0CB /* AHAppDelegate.h */,
				9AFD0CB116A750A1004FA0CB /* AHAppDelegate.m */,
				9AFD0CB316A750A1004FA0CB /* MainMenu.xib */,
				9AFD0CA516A750A1004FA0CB /* Supporting Files */,
				9AFD0D9416A751CB004FA0CB /* AHLayout.h */,
				9AFD0D9516A751CB004FA0CB /* AHLayout.m */,
			);
			path = AHLayout;
			sourceTree = "<group>";
		};
		9AFD0CA516A750A1004FA0CB /* Supporting Files */ = {
			isa = PBXGroup;
			children = (
				9AFD0CA616A750A1004FA0CB /* AHLayout-Info.plist */,
				9AFD0CA716A750A1004FA0CB /* InfoPlist.strings */,
				9AFD0CAA16A750A1004FA0CB /* main.m */,
				9AFD0CAC16A750A1004FA0CB /* AHLayout-Prefix.pch */,
				9AFD0CAD16A750A1004FA0CB /* Credits.rtf */,
			);
			name = "Supporting Files";
			sourceTree = "<group>";
		};
		9AFD0CBB16A75115004FA0CB /* TUIKit */ = {
			isa = PBXGroup;
			children = (
				9AFD0CBC16A75115004FA0CB /* ABActiveRange.h */,
				9AFD0CBD16A75115004FA0CB /* ABActiveRange.m */,
				9AFD0CBE16A75115004FA0CB /* CAAnimation+TUIExtensions.h */,
				9AFD0CBF16A75115004FA0CB /* CAAnimation+TUIExtensions.m */,
				9AFD0CC016A75115004FA0CB /* CALayer+TUIExtensions.h */,
				9AFD0CC116A75115004FA0CB /* CALayer+TUIExtensions.m */,
				9AFD0CC216A75115004FA0CB /* CATransaction+TUIExtensions.h */,
				9AFD0CC316A75115004FA0CB /* CATransaction+TUIExtensions.m */,
				9AFD0CC416A75115004FA0CB /* CoreText+Additions.h */,
				9AFD0CC516A75115004FA0CB /* CoreText+Additions.m */,
				9AFD0CC616A75115004FA0CB /* NSAffineTransform+TUIExtensions.h */,
				9AFD0CC716A75115004FA0CB /* NSAffineTransform+TUIExtensions.m */,
				9AFD0CC816A75115004FA0CB /* NSBezierPath+TUIExtensions.h */,
				9AFD0CC916A75115004FA0CB /* NSBezierPath+TUIExtensions.m */,
				9AFD0CCA16A75115004FA0CB /* NSClipView+TUIExtensions.h */,
				9AFD0CCB16A75115004FA0CB /* NSClipView+TUIExtensions.m */,
				9AFD0CCC16A75115004FA0CB /* NSColor+TUIExtensions.h */,
				9AFD0CCD16A75115004FA0CB /* NSColor+TUIExtensions.m */,
				9AFD0CCE16A75115004FA0CB /* NSFont+TUIExtensions.h */,
				9AFD0CCF16A75115004FA0CB /* NSFont+TUIExtensions.m */,
				9AFD0CD016A75115004FA0CB /* NSImage+TUIExtensions.h */,
				9AFD0CD116A75115004FA0CB /* NSImage+TUIExtensions.m */,
				9AFD0CD216A75115004FA0CB /* NSScrollView+TUIExtensions.h */,
				9AFD0CD316A75115004FA0CB /* NSScrollView+TUIExtensions.m */,
				9AFD0CD416A75115004FA0CB /* NSShadow+TUIExtensions.h */,
				9AFD0CD516A75115004FA0CB /* NSShadow+TUIExtensions.m */,
				9AFD0CD616A75115004FA0CB /* NSTextView+TUIExtensions.h */,
				9AFD0CD716A75115004FA0CB /* NSTextView+TUIExtensions.m */,
				9AFD0CD816A75115004FA0CB /* NSView+TUIExtensions.h */,
				9AFD0CD916A75115004FA0CB /* NSView+TUIExtensions.m */,
				9AFD0CDA16A75115004FA0CB /* TUIAccessibility.h */,
				9AFD0CDB16A75115004FA0CB /* TUIAccessibility.m */,
				9AFD0CDC16A75115004FA0CB /* TUIActivityIndicatorView.h */,
				9AFD0CDD16A75115004FA0CB /* TUIActivityIndicatorView.m */,
				9AFD0CDE16A75115004FA0CB /* TUIAttributedString.h */,
				9AFD0CDF16A75115004FA0CB /* TUIAttributedString.m */,
				9AFD0CE016A75115004FA0CB /* TUIBridgedScrollView.h */,
				9AFD0CE116A75115004FA0CB /* TUIBridgedView.h */,
				9AFD0CE216A75115004FA0CB /* TUIButton+Accessibility.h */,
				9AFD0CE316A75115004FA0CB /* TUIButton+Accessibility.m */,
				9AFD0CE416A75115004FA0CB /* TUIButton+Content.m */,
				9AFD0CE516A75115004FA0CB /* TUIButton.h */,
				9AFD0CE616A75115004FA0CB /* TUIButton.m */,
				9AFD0CE716A75115004FA0CB /* TUICAAction.h */,
				9AFD0CE816A75115004FA0CB /* TUICAAction.m */,
				9AFD0CE916A75115004FA0CB /* TUICGAdditions.h */,
				9AFD0CEA16A75115004FA0CB /* TUICGAdditions.m */,
				9AFD0CEB16A75115004FA0CB /* TUIControl+Accessibility.h */,
				9AFD0CEC16A75115004FA0CB /* TUIControl+Accessibility.m */,
				9AFD0CED16A75115004FA0CB /* TUIControl.h */,
				9AFD0CEE16A75115004FA0CB /* TUIControl.m */,
				9AFD0CEF16A75115004FA0CB /* TUIGeometry.h */,
				9AFD0CF016A75115004FA0CB /* TUIGeometry.m */,
				9AFD0CF116A75115004FA0CB /* TUIHostView.h */,
				9AFD0CF216A75115004FA0CB /* TUIImageView.h */,
				9AFD0CF316A75115004FA0CB /* TUIImageView.m */,
				9AFD0CF416A75115004FA0CB /* TUIKit.h */,
				9AFD0CF516A75115004FA0CB /* TUILabel.h */,
				9AFD0CF616A75115004FA0CB /* TUILabel.m */,
				9AFD0CF716A75115004FA0CB /* TUILayoutConstraint.h */,
				9AFD0CF816A75115004FA0CB /* TUILayoutConstraint.m */,
				9AFD0CF916A75115004FA0CB /* TUILayoutManager.h */,
				9AFD0CFA16A75115004FA0CB /* TUILayoutManager.m */,
				9AFD0CFB16A75115004FA0CB /* TUINavigationController.h */,
				9AFD0CFC16A75115004FA0CB /* TUINavigationController.m */,
				9AFD0CFD16A75115004FA0CB /* TUINSView+Accessibility.h */,
				9AFD0CFE16A75115004FA0CB /* TUINSView+Accessibility.m */,
				9AFD0CFF16A75115004FA0CB /* TUINSView+Hyperfocus.h */,
				9AFD0D0016A75115004FA0CB /* TUINSView+Hyperfocus.m */,
				9AFD0D0116A75115004FA0CB /* TUINSView+NSTextInputClient.h */,
				9AFD0D0216A75115004FA0CB /* TUINSView+NSTextInputClient.m */,
				9AFD0D0316A75115004FA0CB /* TUINSView+Private.h */,
				9AFD0D0416A75115004FA0CB /* TUINSView.h */,
				9AFD0D0516A75115004FA0CB /* TUINSView.m */,
				9AFD0D0616A75115004FA0CB /* TUINSWindow.h */,
				9AFD0D0716A75115004FA0CB /* TUINSWindow.m */,
				9AFD0D0816A75115004FA0CB /* TUIPopover.h */,
				9AFD0D0916A75115004FA0CB /* TUIPopover.m */,
				9AFD0D0A16A75115004FA0CB /* TUIProgressBar.h */,
				9AFD0D0B16A75115004FA0CB /* TUIProgressBar.m */,
				9AFD0D0C16A75115004FA0CB /* TUIResponder.h */,
				9AFD0D0D16A75115004FA0CB /* TUIResponder.m */,
				9AFD0D0E16A75115004FA0CB /* TUIScroller.h */,
				9AFD0D0F16A75115004FA0CB /* TUIScroller.m */,
				9AFD0D1016A75115004FA0CB /* TUIScrollView+Private.h */,
				9AFD0D1116A75115004FA0CB /* TUIScrollView+TUIBridgedScrollView.h */,
				9AFD0D1216A75115004FA0CB /* TUIScrollView+TUIBridgedScrollView.m */,
				9AFD0D1316A75115004FA0CB /* TUIScrollView.h */,
				9AFD0D1416A75115004FA0CB /* TUIScrollView.m */,
				9AFD0D1516A75115004FA0CB /* TUIStretchableImage.h */,
				9AFD0D1616A75115004FA0CB /* TUIStretchableImage.m */,
				9AFD0D1716A75115004FA0CB /* TUIStringDrawing.h */,
				9AFD0D1816A75115004FA0CB /* TUIStringDrawing.m */,
				9AFD0D1916A75115004FA0CB /* TUITableView+Additions.h */,
				9AFD0D1A16A75115004FA0CB /* TUITableView+Additions.m */,
				9AFD0D1B16A75115004FA0CB /* TUITableView+Cell.h */,
				9AFD0D1C16A75115004FA0CB /* TUITableView+Cell.m */,
				9AFD0D1D16A75115004FA0CB /* TUITableView+Derepeater.h */,
				9AFD0D1E16A75115004FA0CB /* TUITableView+Derepeater.m */,
				9AFD0D1F16A75115004FA0CB /* TUITableView.h */,
				9AFD0D2016A75115004FA0CB /* TUITableView.m */,
				9AFD0D2116A75115004FA0CB /* TUITableViewCell+Private.h */,
				9AFD0D2216A75115004FA0CB /* TUITableViewCell.h */,
				9AFD0D2316A75115004FA0CB /* TUITableViewCell.m */,
				9AFD0D2416A75115004FA0CB /* TUITableViewController.h */,
				9AFD0D2516A75115004FA0CB /* TUITableViewController.m */,
				9AFD0D2616A75115004FA0CB /* TUITableViewSectionHeader.h */,
				9AFD0D2716A75116004FA0CB /* TUITableViewSectionHeader.m */,
				9AFD0D2816A75116004FA0CB /* TUITextEditor.h */,
				9AFD0D2916A75116004FA0CB /* TUITextEditor.m */,
				9AFD0D2A16A75116004FA0CB /* TUITextField.h */,
				9AFD0D2B16A75116004FA0CB /* TUITextField.m */,
				9AFD0D2C16A75116004FA0CB /* TUITextRenderer+Accessibility.h */,
				9AFD0D2D16A75116004FA0CB /* TUITextRenderer+Accessibility.m */,
				9AFD0D2E16A75116004FA0CB /* TUITextRenderer+Event.h */,
				9AFD0D2F16A75116004FA0CB /* TUITextRenderer+Event.m */,
				9AFD0D3016A75116004FA0CB /* TUITextRenderer+KeyBindings.m */,
				9AFD0D3116A75116004FA0CB /* TUITextRenderer+Private.h */,
				9AFD0D3216A75116004FA0CB /* TUITextRenderer.h */,
				9AFD0D3316A75116004FA0CB /* TUITextRenderer.m */,
				9AFD0D3416A75116004FA0CB /* TUITextView.h */,
				9AFD0D3516A75116004FA0CB /* TUITextView.m */,
				9AFD0D3616A75116004FA0CB /* TUITextViewEditor.h */,
				9AFD0D3716A75116004FA0CB /* TUITextViewEditor.m */,
				9AFD0D3816A75116004FA0CB /* TUITooltipWindow.h */,
				9AFD0D3916A75116004FA0CB /* TUITooltipWindow.m */,
				9AFD0D3A16A75116004FA0CB /* TUIView+Accessibility.h */,
				9AFD0D3B16A75116004FA0CB /* TUIView+Accessibility.m */,
				9AFD0D3C16A75116004FA0CB /* TUIView+Animation.m */,
				9AFD0D3D16A75116004FA0CB /* TUIView+Event.h */,
				9AFD0D3E16A75116004FA0CB /* TUIView+Event.m */,
				9AFD0D3F16A75116004FA0CB /* TUIView+Layout.h */,
				9AFD0D4016A75116004FA0CB /* TUIView+Layout.m */,
				9AFD0D4116A75116004FA0CB /* TUIView+PasteboardDragging.h */,
				9AFD0D4216A75116004FA0CB /* TUIView+PasteboardDragging.m */,
				9AFD0D4316A75116004FA0CB /* TUIView+Private.h */,
				9AFD0D4416A75116004FA0CB /* TUIView+TUIBridgedView.h */,
				9AFD0D4516A75116004FA0CB /* TUIView+TUIBridgedView.m */,
				9AFD0D4616A75116004FA0CB /* TUIView.h */,
				9AFD0D4716A75116004FA0CB /* TUIView.m */,
				9AFD0D4816A75116004FA0CB /* TUIViewController.h */,
				9AFD0D4916A75116004FA0CB /* TUIViewController.m */,
				9AFD0D4A16A75116004FA0CB /* TUIViewNSViewContainer+Private.h */,
				9AFD0D4B16A75116004FA0CB /* TUIViewNSViewContainer.h */,
				9AFD0D4C16A75116004FA0CB /* TUIViewNSViewContainer.m */,
			);
			path = TUIKit;
			sourceTree = "<group>";
		};
/* End PBXGroup section */

/* Begin PBXNativeTarget section */
		9AFD0C9916A750A1004FA0CB /* AHLayout */ = {
			isa = PBXNativeTarget;
			buildConfigurationList = 9AFD0CB816A750A1004FA0CB /* Build configuration list for PBXNativeTarget "AHLayout" */;
			buildPhases = (
				9AFD0C9616A750A1004FA0CB /* Sources */,
				9AFD0C9716A750A1004FA0CB /* Frameworks */,
				9AFD0C9816A750A1004FA0CB /* Resources */,
			);
			buildRules = (
			);
			dependencies = (
			);
			name = AHLayout;
			productName = AHLayout;
			productReference = 9AFD0C9A16A750A1004FA0CB /* AHLayout.app */;
			productType = "com.apple.product-type.application";
		};
/* End PBXNativeTarget section */

/* Begin PBXProject section */
		9AFD0C9116A750A1004FA0CB /* Project object */ = {
			isa = PBXProject;
			attributes = {
				CLASSPREFIX = AH;
				LastUpgradeCheck = 0450;
				ORGANIZATIONNAME = Airheart;
			};
			buildConfigurationList = 9AFD0C9416A750A1004FA0CB /* Build configuration list for PBXProject "AHLayout" */;
			compatibilityVersion = "Xcode 3.2";
			developmentRegion = English;
			hasScannedForEncodings = 0;
			knownRegions = (
				en,
			);
			mainGroup = 9AFD0C8F16A750A1004FA0CB;
			productRefGroup = 9AFD0C9B16A750A1004FA0CB /* Products */;
			projectDirPath = "";
			projectRoot = "";
			targets = (
				9AFD0C9916A750A1004FA0CB /* AHLayout */,
			);
		};
/* End PBXProject section */

/* Begin PBXResourcesBuildPhase section */
		9AFD0C9816A750A1004FA0CB /* Resources */ = {
			isa = PBXResourcesBuildPhase;
			buildActionMask = 2147483647;
			files = (
				9AFD0CA916A750A1004FA0CB /* InfoPlist.strings in Resources */,
				9AFD0CAF16A750A1004FA0CB /* Credits.rtf in Resources */,
				9AFD0CB516A750A1004FA0CB /* MainMenu.xib in Resources */,
			);
			runOnlyForDeploymentPostprocessing = 0;
		};
/* End PBXResourcesBuildPhase section */

/* Begin PBXSourcesBuildPhase section */
		9AFD0C9616A750A1004FA0CB /* Sources */ = {
			isa = PBXSourcesBuildPhase;
			buildActionMask = 2147483647;
			files = (
				9AFD0CAB16A750A1004FA0CB /* main.m in Sources */,
				9AFD0CB216A750A1004FA0CB /* AHAppDelegate.m in Sources */,
				9AFD0D4D16A75116004FA0CB /* ABActiveRange.m in Sources */,
				9AFD0D4E16A75116004FA0CB /* CAAnimation+TUIExtensions.m in Sources */,
				9AFD0D4F16A75116004FA0CB /* CALayer+TUIExtensions.m in Sources */,
				9AFD0D5016A75116004FA0CB /* CATransaction+TUIExtensions.m in Sources */,
				9AFD0D5116A75116004FA0CB /* CoreText+Additions.m in Sources */,
				9AFD0D5216A75116004FA0CB /* NSAffineTransform+TUIExtensions.m in Sources */,
				9AFD0D5316A75116004FA0CB /* NSBezierPath+TUIExtensions.m in Sources */,
				9AFD0D5416A75116004FA0CB /* NSClipView+TUIExtensions.m in Sources */,
				9AFD0D5516A75116004FA0CB /* NSColor+TUIExtensions.m in Sources */,
				9AFD0D5616A75116004FA0CB /* NSFont+TUIExtensions.m in Sources */,
				9AFD0D5716A75116004FA0CB /* NSImage+TUIExtensions.m in Sources */,
				9AFD0D5816A75116004FA0CB /* NSScrollView+TUIExtensions.m in Sources */,
				9AFD0D5916A75116004FA0CB /* NSShadow+TUIExtensions.m in Sources */,
				9AFD0D5A16A75116004FA0CB /* NSTextView+TUIExtensions.m in Sources */,
				9AFD0D5B16A75116004FA0CB /* NSView+TUIExtensions.m in Sources */,
				9AFD0D5C16A75116004FA0CB /* TUIAccessibility.m in Sources */,
				9AFD0D5D16A75116004FA0CB /* TUIActivityIndicatorView.m in Sources */,
				9AFD0D5E16A75116004FA0CB /* TUIAttributedString.m in Sources */,
				9AFD0D5F16A75116004FA0CB /* TUIButton+Accessibility.m in Sources */,
				9AFD0D6016A75116004FA0CB /* TUIButton+Content.m in Sources */,
				9AFD0D6116A75116004FA0CB /* TUIButton.m in Sources */,
				9AFD0D6216A75116004FA0CB /* TUICAAction.m in Sources */,
				9AFD0D6316A75116004FA0CB /* TUICGAdditions.m in Sources */,
				9AFD0D6416A75116004FA0CB /* TUIControl+Accessibility.m in Sources */,
				9AFD0D6516A75116004FA0CB /* TUIControl.m in Sources */,
				9AFD0D6616A75116004FA0CB /* TUIGeometry.m in Sources */,
				9AFD0D6716A75116004FA0CB /* TUIImageView.m in Sources */,
				9AFD0D6816A75116004FA0CB /* TUILabel.m in Sources */,
				9AFD0D6916A75116004FA0CB /* TUILayoutConstraint.m in Sources */,
				9AFD0D6A16A75116004FA0CB /* TUILayoutManager.m in Sources */,
				9AFD0D6B16A75116004FA0CB /* TUINavigationController.m in Sources */,
				9AFD0D6C16A75116004FA0CB /* TUINSView+Accessibility.m in Sources */,
				9AFD0D6D16A75116004FA0CB /* TUINSView+Hyperfocus.m in Sources */,
				9AFD0D6E16A75116004FA0CB /* TUINSView+NSTextInputClient.m in Sources */,
				9AFD0D6F16A75116004FA0CB /* TUINSView.m in Sources */,
				9AFD0D7016A75116004FA0CB /* TUINSWindow.m in Sources */,
				9AFD0D7116A75116004FA0CB /* TUIPopover.m in Sources */,
				9AFD0D7216A75116004FA0CB /* TUIProgressBar.m in Sources */,
				9AFD0D7316A75116004FA0CB /* TUIResponder.m in Sources */,
				9AFD0D7416A75116004FA0CB /* TUIScroller.m in Sources */,
				9AFD0D7516A75116004FA0CB /* TUIScrollView+TUIBridgedScrollView.m in Sources */,
				9AFD0D7616A75116004FA0CB /* TUIScrollView.m in Sources */,
				9AFD0D7716A75116004FA0CB /* TUIStretchableImage.m in Sources */,
				9AFD0D7816A75116004FA0CB /* TUIStringDrawing.m in Sources */,
				9AFD0D7916A75116004FA0CB /* TUITableView+Additions.m in Sources */,
				9AFD0D7A16A75116004FA0CB /* TUITableView+Cell.m in Sources */,
				9AFD0D7B16A75116004FA0CB /* TUITableView+Derepeater.m in Sources */,
				9AFD0D7C16A75116004FA0CB /* TUITableView.m in Sources */,
				9AFD0D7D16A75116004FA0CB /* TUITableViewCell.m in Sources */,
				9AFD0D7E16A75116004FA0CB /* TUITableViewController.m in Sources */,
				9AFD0D7F16A75116004FA0CB /* TUITableViewSectionHeader.m in Sources */,
				9AFD0D8016A75116004FA0CB /* TUITextEditor.m in Sources */,
				9AFD0D8116A75116004FA0CB /* TUITextField.m in Sources */,
				9AFD0D8216A75116004FA0CB /* TUITextRenderer+Accessibility.m in Sources */,
				9AFD0D8316A75116004FA0CB /* TUITextRenderer+Event.m in Sources */,
				9AFD0D8416A75116004FA0CB /* TUITextRenderer+KeyBindings.m in Sources */,
				9AFD0D8516A75116004FA0CB /* TUITextRenderer.m in Sources */,
				9AFD0D8616A75116004FA0CB /* TUITextView.m in Sources */,
				9AFD0D8716A75116004FA0CB /* TUITextViewEditor.m in Sources */,
				9AFD0D8816A75116004FA0CB /* TUITooltipWindow.m in Sources */,
				9AFD0D8916A75116004FA0CB /* TUIView+Accessibility.m in Sources */,
				9AFD0D8A16A75116004FA0CB /* TUIView+Animation.m in Sources */,
				9AFD0D8B16A75116004FA0CB /* TUIView+Event.m in Sources */,
				9AFD0D8C16A75116004FA0CB /* TUIView+Layout.m in Sources */,
				9AFD0D8D16A75116004FA0CB /* TUIView+PasteboardDragging.m in Sources */,
				9AFD0D8E16A75116004FA0CB /* TUIView+TUIBridgedView.m in Sources */,
				9AFD0D8F16A75116004FA0CB /* TUIView.m in Sources */,
				9AFD0D9016A75116004FA0CB /* TUIViewController.m in Sources */,
				9AFD0D9116A75116004FA0CB /* TUIViewNSViewContainer.m in Sources */,
				9AFD0D9616A751CB004FA0CB /* AHLayout.m in Sources */,
				9AFD0D9916A75322004FA0CB /* ExampleView.m in Sources */,
			);
			runOnlyForDeploymentPostprocessing = 0;
		};
/* End PBXSourcesBuildPhase section */

/* Begin PBXVariantGroup section */
		9AFD0CA716A750A1004FA0CB /* InfoPlist.strings */ = {
			isa = PBXVariantGroup;
			children = (
				9AFD0CA816A750A1004FA0CB /* en */,
			);
			name = InfoPlist.strings;
			sourceTree = "<group>";
		};
		9AFD0CAD16A750A1004FA0CB /* Credits.rtf */ = {
			isa = PBXVariantGroup;
			children = (
				9AFD0CAE16A750A1004FA0CB /* en */,
			);
			name = Credits.rtf;
			sourceTree = "<group>";
		};
		9AFD0CB316A750A1004FA0CB /* MainMenu.xib */ = {
			isa = PBXVariantGroup;
			children = (
				9AFD0CB416A750A1004FA0CB /* en */,
			);
			name = MainMenu.xib;
			sourceTree = "<group>";
		};
/* End PBXVariantGroup section */

/* Begin XCBuildConfiguration section */
		9AFD0CB616A750A1004FA0CB /* Debug */ = {
			isa = XCBuildConfiguration;
			buildSettings = {
				ALWAYS_SEARCH_USER_PATHS = NO;
				ARCHS = "$(ARCHS_STANDARD_64_BIT)";
				CLANG_CXX_LANGUAGE_STANDARD = "gnu++0x";
				CLANG_CXX_LIBRARY = "libc++";
				CLANG_ENABLE_OBJC_ARC = YES;
				CLANG_WARN_EMPTY_BODY = YES;
				CLANG_WARN__DUPLICATE_METHOD_MATCH = YES;
				COPY_PHASE_STRIP = NO;
				GCC_C_LANGUAGE_STANDARD = gnu99;
				GCC_DYNAMIC_NO_PIC = NO;
				GCC_ENABLE_OBJC_EXCEPTIONS = YES;
				GCC_OPTIMIZATION_LEVEL = 0;
				GCC_PREPROCESSOR_DEFINITIONS = (
					"DEBUG=1",
					"$(inherited)",
				);
				GCC_SYMBOLS_PRIVATE_EXTERN = NO;
				GCC_WARN_64_TO_32_BIT_CONVERSION = YES;
				GCC_WARN_ABOUT_RETURN_TYPE = YES;
				GCC_WARN_UNINITIALIZED_AUTOS = YES;
				GCC_WARN_UNUSED_VARIABLE = YES;
				MACOSX_DEPLOYMENT_TARGET = 10.8;
				ONLY_ACTIVE_ARCH = YES;
				SDKROOT = macosx;
			};
			name = Debug;
		};
		9AFD0CB716A750A1004FA0CB /* Release */ = {
			isa = XCBuildConfiguration;
			buildSettings = {
				ALWAYS_SEARCH_USER_PATHS = NO;
				ARCHS = "$(ARCHS_STANDARD_64_BIT)";
				CLANG_CXX_LANGUAGE_STANDARD = "gnu++0x";
				CLANG_CXX_LIBRARY = "libc++";
				CLANG_ENABLE_OBJC_ARC = YES;
				CLANG_WARN_EMPTY_BODY = YES;
				CLANG_WARN__DUPLICATE_METHOD_MATCH = YES;
				COPY_PHASE_STRIP = YES;
				DEBUG_INFORMATION_FORMAT = "dwarf-with-dsym";
				GCC_C_LANGUAGE_STANDARD = gnu99;
				GCC_ENABLE_OBJC_EXCEPTIONS = YES;
				GCC_WARN_64_TO_32_BIT_CONVERSION = YES;
				GCC_WARN_ABOUT_RETURN_TYPE = YES;
				GCC_WARN_UNINITIALIZED_AUTOS = YES;
				GCC_WARN_UNUSED_VARIABLE = YES;
				MACOSX_DEPLOYMENT_TARGET = 10.8;
				SDKROOT = macosx;
			};
			name = Release;
		};
		9AFD0CB916A750A1004FA0CB /* Debug */ = {
			isa = XCBuildConfiguration;
			buildSettings = {
				COMBINE_HIDPI_IMAGES = YES;
				GCC_PRECOMPILE_PREFIX_HEADER = YES;
				GCC_PREFIX_HEADER = "AHLayout/AHLayout-Prefix.pch";
				INFOPLIST_FILE = "AHLayout/AHLayout-Info.plist";
				PRODUCT_NAME = "$(TARGET_NAME)";
				WRAPPER_EXTENSION = app;
			};
			name = Debug;
		};
		9AFD0CBA16A750A1004FA0CB /* Release */ = {
			isa = XCBuildConfiguration;
			buildSettings = {
				COMBINE_HIDPI_IMAGES = YES;
				GCC_PRECOMPILE_PREFIX_HEADER = YES;
				GCC_PREFIX_HEADER = "AHLayout/AHLayout-Prefix.pch";
				INFOPLIST_FILE = "AHLayout/AHLayout-Info.plist";
				PRODUCT_NAME = "$(TARGET_NAME)";
				WRAPPER_EXTENSION = app;
			};
			name = Release;
		};
/* End XCBuildConfiguration section */

/* Begin XCConfigurationList section */
		9AFD0C9416A750A1004FA0CB /* Build configuration list for PBXProject "AHLayout" */ = {
			isa = XCConfigurationList;
			buildConfigurations = (
				9AFD0CB616A750A1004FA0CB /* Debug */,
				9AFD0CB716A750A1004FA0CB /* Release */,
			);
			defaultConfigurationIsVisible = 0;
			defaultConfigurationName = Release;
		};
		9AFD0CB816A750A1004FA0CB /* Build configuration list for PBXNativeTarget "AHLayout" */ = {
			isa = XCConfigurationList;
			buildConfigurations = (
				9AFD0CB916A750A1004FA0CB /* Debug */,
				9AFD0CBA16A750A1004FA0CB /* Release */,
			);
			defaultConfigurationIsVisible = 0;
		};
/* End XCConfigurationList section */
	};
	rootObject = 9AFD0C9116A750A1004FA0CB /* Project object */;
}
